{
  "name": "koder-vanilla",
  "version": "1.0.0",
  "lockfileVersion": 2,
  "requires": true,
  "packages": {
    "": {
      "name": "koder-vanilla",
      "version": "1.0.0",
      "license": "ISC",
      "dependencies": {
        "@maslick/koder": "^1.3.1"
      }
    },
    "node_modules/@maslick/koder": {
      "version": "1.3.1",
      "resolved": "https://registry.npmjs.org/@maslick/koder/-/koder-1.3.1.tgz",
      "integrity": "sha512-pXYTfbkUa2D5ceivSrcNJRZwt1ikZ3+qI+3vcW3K44gM82nyYvDXVqTRCLnv7CSSa55NaEQDODf7vgp4piRRLg=="
    }
  },
  "dependencies": {
    "@maslick/koder": {
      "version": "1.3.1",
      "resolved": "https://registry.npmjs.org/@maslick/koder/-/koder-1.3.1.tgz",
      "integrity": "sha512-pXYTfbkUa2D5ceivSrcNJRZwt1ikZ3+qI+3vcW3K44gM82nyYvDXVqTRCLnv7CSSa55NaEQDODf7vgp4piRRLg=="
    }
  }
}
